
Microsoft Visual Studio Solution File, Format Version 12.00
# Visual Studio Version 17
VisualStudioVersion = 17.7.34024.191
MinimumVisualStudioVersion = 10.0.40219.1
Project("{FAE04EC0-301F-11D3-BF4B-00C04F79EFBC}") = "CleanCode", "CleanCode.csproj", "{5747D465-1852-446C-B640-C518A6885181}"
EndProject
Project("{FAE04EC0-301F-11D3-BF4B-00C04F79EFBC}") = "GlobalMacroRecorder", "..\Record\GlobalMacroRecorder\GlobalMacroRecorder.csproj", "{81AE332F-E43D-429B-872A-14F5418FEA7F}"
EndProject
Project("{FAE04EC0-301F-11D3-BF4B-00C04F79EFBC}") = "MouseKeyboardLibrary", "..\Record\MouseKeyboardLibrary\MouseKeyboardLibrary.csproj", "{F419622F-4D82-40A6-B4FB-3FE36579F018}"
EndProject
Project("{FAE04EC0-301F-11D3-BF4B-00C04F79EFBC}") = "RecordVideo", "..\RecordVideo\RecordVideo.csproj", "{F6635C76-F8D5-4D71-BB2E-352E4EBBC6CD}"
EndProject
Project("{FAE04EC0-301F-11D3-BF4B-00C04F79EFBC}") = "GlobalHookDemo", "..\globalhook_src\GlobalHookDemo.csproj", "{F52AA97E-180A-40ED-8F2B-09080171D6C7}"
EndProject
Project("{888888A0-9F3D-457C-B088-3A5042F75D52}") = "ScrapWeb", "..\ScrapWeb\ScrapWeb.pyproj", "{30C95085-B232-48BA-88E2-C05C63404E30}"
EndProject
Global
	GlobalSection(SolutionConfigurationPlatforms) = preSolution
		Debug|Any CPU = Debug|Any CPU
		Release|Any CPU = Release|Any CPU
	EndGlobalSection
	GlobalSection(ProjectConfigurationPlatforms) = postSolution
		{5747D465-1852-446C-B640-C518A6885181}.Debug|Any CPU.ActiveCfg = Debug|Any CPU
		{5747D465-1852-446C-B640-C518A6885181}.Debug|Any CPU.Build.0 = Debug|Any CPU
		{5747D465-1852-446C-B640-C518A6885181}.Release|Any CPU.ActiveCfg = Release|Any CPU
		{5747D465-1852-446C-B640-C518A6885181}.Release|Any CPU.Build.0 = Release|Any CPU
		{81AE332F-E43D-429B-872A-14F5418FEA7F}.Debug|Any CPU.ActiveCfg = Debug|Any CPU
		{81AE332F-E43D-429B-872A-14F5418FEA7F}.Debug|Any CPU.Build.0 = Debug|Any CPU
		{81AE332F-E43D-429B-872A-14F5418FEA7F}.Release|Any CPU.ActiveCfg = Release|Any CPU
		{81AE332F-E43D-429B-872A-14F5418FEA7F}.Release|Any CPU.Build.0 = Release|Any CPU
		{F419622F-4D82-40A6-B4FB-3FE36579F018}.Debug|Any CPU.ActiveCfg = Debug|Any CPU
		{F419622F-4D82-40A6-B4FB-3FE36579F018}.Debug|Any CPU.Build.0 = Debug|Any CPU
		{F419622F-4D82-40A6-B4FB-3FE36579F018}.Release|Any CPU.ActiveCfg = Release|Any CPU
		{F419622F-4D82-40A6-B4FB-3FE36579F018}.Release|Any CPU.Build.0 = Release|Any CPU
		{F6635C76-F8D5-4D71-BB2E-352E4EBBC6CD}.Debug|Any CPU.ActiveCfg = Debug|Any CPU
		{F6635C76-F8D5-4D71-BB2E-352E4EBBC6CD}.Debug|Any CPU.Build.0 = Debug|Any CPU
		{F6635C76-F8D5-4D71-BB2E-352E4EBBC6CD}.Release|Any CPU.ActiveCfg = Release|Any CPU
		{F6635C76-F8D5-4D71-BB2E-352E4EBBC6CD}.Release|Any CPU.Build.0 = Release|Any CPU
		{F52AA97E-180A-40ED-8F2B-09080171D6C7}.Debug|Any CPU.ActiveCfg = Debug|Any CPU
		{F52AA97E-180A-40ED-8F2B-09080171D6C7}.Debug|Any CPU.Build.0 = Debug|Any CPU
		{F52AA97E-180A-40ED-8F2B-09080171D6C7}.Release|Any CPU.ActiveCfg = Release|Any CPU
		{F52AA97E-180A-40ED-8F2B-09080171D6C7}.Release|Any CPU.Build.0 = Release|Any CPU
		{30C95085-B232-48BA-88E2-C05C63404E30}.Debug|Any CPU.ActiveCfg = Debug|Any CPU
		{30C95085-B232-48BA-88E2-C05C63404E30}.Release|Any CPU.ActiveCfg = Release|Any CPU
	EndGlobalSection
	GlobalSection(SolutionProperties) = preSolution
		HideSolutionNode = FALSE
	EndGlobalSection
	GlobalSection(ExtensibilityGlobals) = postSolution
		SolutionGuid = {5A1C0B45-06E1-4C0D-A9C4-71D331BAD3BA}
	EndGlobalSection
EndGlobal
