
Microsoft Visual Studio Solution File, Format Version 12.00
# Visual Studio Version 17
VisualStudioVersion = 17.7.34024.191
MinimumVisualStudioVersion = 10.0.40219.1
Project("{FAE04EC0-301F-11D3-BF4B-00C04F79EFBC}") = "CleanCode", "CleanCode.csproj", "{5747D465-1852-446C-B640-C518A6885181}"
EndProject
Project("{FAE04EC0-301F-11D3-BF4B-00C04F79EFBC}") = "GlobalMacroRecorder", "..\Record\GlobalMacroRecorder\GlobalMacroRecorder.csproj", "{81AE332F-E43D-429B-872A-14F5418FEA7F}"
EndProject
Project("{FAE04EC0-301F-11D3-BF4B-00C04F79EFBC}") = "MouseKeyboardLibrary", "..\Record\MouseKeyboardLibrary\MouseKeyboardLibrary.csproj", "{F419622F-4D82-40A6-B4FB-3FE36579F018}"
EndProject
Project("{FAE04EC0-301F-11D3-BF4B-00C04F79EFBC}") = "RecordVideo", "..\RecordVideo\RecordVideo.csproj", "{F6635C76-F8D5-4D71-BB2E-352E4EBBC6CD}"
EndProject
Project("{FAE04EC0-301F-11D3-BF4B-00C04F79EFBC}") = "GlobalHookDemo", "..\globalhook_src\GlobalHookDemo.csproj", "{F52AA97E-180A-40ED-8F2B-09080171D6C7}"
EndProject
Project("{FAE04EC0-301F-11D3-BF4B-00C04F79EFBC}") = "ReadReport", "..\ReadReport\ReadReport.csproj", "{08C49BFE-F0F6-4D1A-A6BF-9A64320E1123}"
EndProject
Project("{FAE04EC0-301F-11D3-BF4B-00C04F79EFBC}") = "AUTOTESTJSON", "..\AUTOTESTJSON\AUTOTESTJSON.csproj", "{BE4346FF-932A-437B-8D36-8D1280467DF0}"
EndProject
Project("{FAE04EC0-301F-11D3-BF4B-00C04F79EFBC}") = "ScheduleApp", "..\ScheduleApp\ScheduleApp.csproj", "{DEB3722D-066B-4946-8872-4FAF010E006C}"
EndProject
Project("{9A19103F-16F7-4668-BE54-9A1E7A4F7556}") = "ExportIssue", "..\ExportIssue\ExportIssue.csproj", "{53074B82-C89C-4C9B-B042-A1052EAFE910}"
EndProject
Project("{FAE04EC0-301F-11D3-BF4B-00C04F79EFBC}") = "ChangeRegion", "..\ChangeRegion\ChangeRegion.csproj", "{ECDBA40B-813F-4C36-A6B5-1E664F89C80D}"
EndProject
Project("{9A19103F-16F7-4668-BE54-9A1E7A4F7556}") = "regionApp", "..\regionApp\regionApp.csproj", "{B4EA5DAD-331B-488A-937A-5D67DB153F37}"
EndProject
Project("{FAE04EC0-301F-11D3-BF4B-00C04F79EFBC}") = "AppCreateFolder", "..\AppCreateFolder\AppCreateFolder.csproj", "{CBDA75FF-17E9-43E2-B40F-18A42A3FA319}"
EndProject
Project("{FAE04EC0-301F-11D3-BF4B-00C04F79EFBC}") = "AppScanFolder", "..\AppScanFolder\AppScanFolder.csproj", "{C1D8150A-3823-405E-B2F8-104738C078C1}"
EndProject
Global
	GlobalSection(SolutionConfigurationPlatforms) = preSolution
		Debug|Any CPU = Debug|Any CPU
		Release|Any CPU = Release|Any CPU
	EndGlobalSection
	GlobalSection(ProjectConfigurationPlatforms) = postSolution
		{5747D465-1852-446C-B640-C518A6885181}.Debug|Any CPU.ActiveCfg = Debug|Any CPU
		{5747D465-1852-446C-B640-C518A6885181}.Debug|Any CPU.Build.0 = Debug|Any CPU
		{5747D465-1852-446C-B640-C518A6885181}.Release|Any CPU.ActiveCfg = Release|Any CPU
		{5747D465-1852-446C-B640-C518A6885181}.Release|Any CPU.Build.0 = Release|Any CPU
		{81AE332F-E43D-429B-872A-14F5418FEA7F}.Debug|Any CPU.ActiveCfg = Debug|Any CPU
		{81AE332F-E43D-429B-872A-14F5418FEA7F}.Debug|Any CPU.Build.0 = Debug|Any CPU
		{81AE332F-E43D-429B-872A-14F5418FEA7F}.Release|Any CPU.ActiveCfg = Release|Any CPU
		{81AE332F-E43D-429B-872A-14F5418FEA7F}.Release|Any CPU.Build.0 = Release|Any CPU
		{F419622F-4D82-40A6-B4FB-3FE36579F018}.Debug|Any CPU.ActiveCfg = Debug|Any CPU
		{F419622F-4D82-40A6-B4FB-3FE36579F018}.Debug|Any CPU.Build.0 = Debug|Any CPU
		{F419622F-4D82-40A6-B4FB-3FE36579F018}.Release|Any CPU.ActiveCfg = Release|Any CPU
		{F419622F-4D82-40A6-B4FB-3FE36579F018}.Release|Any CPU.Build.0 = Release|Any CPU
		{F6635C76-F8D5-4D71-BB2E-352E4EBBC6CD}.Debug|Any CPU.ActiveCfg = Debug|Any CPU
		{F6635C76-F8D5-4D71-BB2E-352E4EBBC6CD}.Debug|Any CPU.Build.0 = Debug|Any CPU
		{F6635C76-F8D5-4D71-BB2E-352E4EBBC6CD}.Release|Any CPU.ActiveCfg = Release|Any CPU
		{F6635C76-F8D5-4D71-BB2E-352E4EBBC6CD}.Release|Any CPU.Build.0 = Release|Any CPU
		{F52AA97E-180A-40ED-8F2B-09080171D6C7}.Debug|Any CPU.ActiveCfg = Debug|Any CPU
		{F52AA97E-180A-40ED-8F2B-09080171D6C7}.Debug|Any CPU.Build.0 = Debug|Any CPU
		{F52AA97E-180A-40ED-8F2B-09080171D6C7}.Release|Any CPU.ActiveCfg = Release|Any CPU
		{F52AA97E-180A-40ED-8F2B-09080171D6C7}.Release|Any CPU.Build.0 = Release|Any CPU
		{08C49BFE-F0F6-4D1A-A6BF-9A64320E1123}.Debug|Any CPU.ActiveCfg = Debug|Any CPU
		{08C49BFE-F0F6-4D1A-A6BF-9A64320E1123}.Debug|Any CPU.Build.0 = Debug|Any CPU
		{08C49BFE-F0F6-4D1A-A6BF-9A64320E1123}.Release|Any CPU.ActiveCfg = Release|Any CPU
		{08C49BFE-F0F6-4D1A-A6BF-9A64320E1123}.Release|Any CPU.Build.0 = Release|Any CPU
		{BE4346FF-932A-437B-8D36-8D1280467DF0}.Debug|Any CPU.ActiveCfg = Debug|Any CPU
		{BE4346FF-932A-437B-8D36-8D1280467DF0}.Debug|Any CPU.Build.0 = Debug|Any CPU
		{BE4346FF-932A-437B-8D36-8D1280467DF0}.Release|Any CPU.ActiveCfg = Release|Any CPU
		{BE4346FF-932A-437B-8D36-8D1280467DF0}.Release|Any CPU.Build.0 = Release|Any CPU
		{DEB3722D-066B-4946-8872-4FAF010E006C}.Debug|Any CPU.ActiveCfg = Debug|Any CPU
		{DEB3722D-066B-4946-8872-4FAF010E006C}.Debug|Any CPU.Build.0 = Debug|Any CPU
		{DEB3722D-066B-4946-8872-4FAF010E006C}.Release|Any CPU.ActiveCfg = Release|Any CPU
		{DEB3722D-066B-4946-8872-4FAF010E006C}.Release|Any CPU.Build.0 = Release|Any CPU
		{53074B82-C89C-4C9B-B042-A1052EAFE910}.Debug|Any CPU.ActiveCfg = Debug|Any CPU
		{53074B82-C89C-4C9B-B042-A1052EAFE910}.Debug|Any CPU.Build.0 = Debug|Any CPU
		{53074B82-C89C-4C9B-B042-A1052EAFE910}.Release|Any CPU.ActiveCfg = Release|Any CPU
		{53074B82-C89C-4C9B-B042-A1052EAFE910}.Release|Any CPU.Build.0 = Release|Any CPU
		{ECDBA40B-813F-4C36-A6B5-1E664F89C80D}.Debug|Any CPU.ActiveCfg = Debug|Any CPU
		{ECDBA40B-813F-4C36-A6B5-1E664F89C80D}.Debug|Any CPU.Build.0 = Debug|Any CPU
		{ECDBA40B-813F-4C36-A6B5-1E664F89C80D}.Release|Any CPU.ActiveCfg = Release|Any CPU
		{ECDBA40B-813F-4C36-A6B5-1E664F89C80D}.Release|Any CPU.Build.0 = Release|Any CPU
		{B4EA5DAD-331B-488A-937A-5D67DB153F37}.Debug|Any CPU.ActiveCfg = Debug|Any CPU
		{B4EA5DAD-331B-488A-937A-5D67DB153F37}.Debug|Any CPU.Build.0 = Debug|Any CPU
		{B4EA5DAD-331B-488A-937A-5D67DB153F37}.Release|Any CPU.ActiveCfg = Release|Any CPU
		{B4EA5DAD-331B-488A-937A-5D67DB153F37}.Release|Any CPU.Build.0 = Release|Any CPU
		{CBDA75FF-17E9-43E2-B40F-18A42A3FA319}.Debug|Any CPU.ActiveCfg = Debug|Any CPU
		{CBDA75FF-17E9-43E2-B40F-18A42A3FA319}.Debug|Any CPU.Build.0 = Debug|Any CPU
		{CBDA75FF-17E9-43E2-B40F-18A42A3FA319}.Release|Any CPU.ActiveCfg = Release|Any CPU
		{CBDA75FF-17E9-43E2-B40F-18A42A3FA319}.Release|Any CPU.Build.0 = Release|Any CPU
		{C1D8150A-3823-405E-B2F8-104738C078C1}.Debug|Any CPU.ActiveCfg = Debug|Any CPU
		{C1D8150A-3823-405E-B2F8-104738C078C1}.Debug|Any CPU.Build.0 = Debug|Any CPU
		{C1D8150A-3823-405E-B2F8-104738C078C1}.Release|Any CPU.ActiveCfg = Release|Any CPU
		{C1D8150A-3823-405E-B2F8-104738C078C1}.Release|Any CPU.Build.0 = Release|Any CPU
	EndGlobalSection
	GlobalSection(SolutionProperties) = preSolution
		HideSolutionNode = FALSE
	EndGlobalSection
	GlobalSection(ExtensibilityGlobals) = postSolution
		SolutionGuid = {5A1C0B45-06E1-4C0D-A9C4-71D331BAD3BA}
	EndGlobalSection
EndGlobal
